
Microsoft Visual Studio Solution File, Format Version 12.00
# Visual Studio 15
VisualStudioVersion = 15.0.28010.2050
MinimumVisualStudioVersion = 10.0.40219.1
Project("{FAE04EC0-301F-11D3-BF4B-00C04F79EFBC}") = "mandiri_checking", "mandiri_checking\mandiri_checking.csproj", "{AF85E445-AAE5-4779-AADF-29A0E35E2602}"
EndProject
Global
	GlobalSection(SolutionConfigurationPlatforms) = preSolution
		Debug|Any CPU = Debug|Any CPU
		Release|Any CPU = Release|Any CPU
	EndGlobalSection
	GlobalSection(ProjectConfigurationPlatforms) = postSolution
		{AF85E445-AAE5-4779-AADF-29A0E35E2602}.Debug|Any CPU.ActiveCfg = Debug|Any CPU
		{AF85E445-AAE5-4779-AADF-29A0E35E2602}.Debug|Any CPU.Build.0 = Debug|Any CPU
		{AF85E445-AAE5-4779-AADF-29A0E35E2602}.Release|Any CPU.ActiveCfg = Release|Any CPU
		{AF85E445-AAE5-4779-AADF-29A0E35E2602}.Release|Any CPU.Build.0 = Release|Any CPU
	EndGlobalSection
	GlobalSection(SolutionProperties) = preSolution
		HideSolutionNode = FALSE
	EndGlobalSection
	GlobalSection(ExtensibilityGlobals) = postSolution
		SolutionGuid = {832FCD9F-2177-4DDB-A1E5-DF2F75C5A769}
	EndGlobalSection
EndGlobal
